// !$*UTF8*$!
{
	archiveVersion = 1;
	classes = {
	};
	objectVersion = 46;
	objects = {

/* Begin PBXBuildFile section */
		0057121A18FB426600BF3D8C /* Cocoa.framework in Frameworks */ = {isa = PBXBuildFile; fileRef = 0057121918FB426600BF3D8C /* Cocoa.framework */; };
		0057122418FB426600BF3D8C /* InfoPlist.strings in Resources */ = {isa = PBXBuildFile; fileRef = 0057122218FB426600BF3D8C /* InfoPlist.strings */; };
		0057122618FB426600BF3D8C /* main.m in Sources */ = {isa = PBXBuildFile; fileRef = 0057122518FB426600BF3D8C /* main.m */; };
		0057122A18FB426600BF3D8C /* Credits.rtf in Resources */ = {isa = PBXBuildFile; fileRef = 0057122818FB426600BF3D8C /* Credits.rtf */; };
		0057123218FB426600BF3D8C /* Images.xcassets in Resources */ = {isa = PBXBuildFile; fileRef = 0057123118FB426600BF3D8C /* Images.xcassets */; };
		0057123918FB426600BF3D8C /* XCTest.framework in Frameworks */ = {isa = PBXBuildFile; fileRef = 0057123818FB426600BF3D8C /* XCTest.framework */; };
		0057123A18FB426600BF3D8C /* Cocoa.framework in Frameworks */ = {isa = PBXBuildFile; fileRef = 0057121918FB426600BF3D8C /* Cocoa.framework */; };
		0057124218FB426600BF3D8C /* InfoPlist.strings in Resources */ = {isa = PBXBuildFile; fileRef = 0057124018FB426600BF3D8C /* InfoPlist.strings */; };
		0057124418FB426600BF3D8C /* ChromaticoTests.m in Sources */ = {isa = PBXBuildFile; fileRef = 0057124318FB426600BF3D8C /* ChromaticoTests.m */; };
		0057125418FB42B900BF3D8C /* Cocoa.framework in Frameworks */ = {isa = PBXBuildFile; fileRef = 0057121918FB426600BF3D8C /* Cocoa.framework */; };
		0057125618FB42B900BF3D8C /* ScreenSaver.framework in Frameworks */ = {isa = PBXBuildFile; fileRef = 0057125518FB42B900BF3D8C /* ScreenSaver.framework */; };
		0057125C18FB42B900BF3D8C /* InfoPlist.strings in Resources */ = {isa = PBXBuildFile; fileRef = 0057125A18FB42B900BF3D8C /* InfoPlist.strings */; };
		005712B218FB435200BF3D8C /* CATextLayer+AutoSizing.h in Headers */ = {isa = PBXBuildFile; fileRef = 005712B018FB435200BF3D8C /* CATextLayer+AutoSizing.h */; };
		005712B318FB435200BF3D8C /* CATextLayer+AutoSizing.m in Sources */ = {isa = PBXBuildFile; fileRef = 005712B118FB435200BF3D8C /* CATextLayer+AutoSizing.m */; };
		005712B418FB435200BF3D8C /* CATextLayer+AutoSizing.m in Sources */ = {isa = PBXBuildFile; fileRef = 005712B118FB435200BF3D8C /* CATextLayer+AutoSizing.m */; };
		005712B518FB435200BF3D8C /* CATextLayer+AutoSizing.m in Sources */ = {isa = PBXBuildFile; fileRef = 005712B118FB435200BF3D8C /* CATextLayer+AutoSizing.m */; };
		005712CF18FB44A000BF3D8C /* MainMenu.xib in Resources */ = {isa = PBXBuildFile; fileRef = 005712CE18FB44A000BF3D8C /* MainMenu.xib */; };
		005712D018FB44A000BF3D8C /* MainMenu.xib in Resources */ = {isa = PBXBuildFile; fileRef = 005712CE18FB44A000BF3D8C /* MainMenu.xib */; };
		005712D318FB455800BF3D8C /* QuartzCore.framework in Frameworks */ = {isa = PBXBuildFile; fileRef = 005712D218FB455800BF3D8C /* QuartzCore.framework */; };
		005712D418FB457F00BF3D8C /* QuartzCore.framework in Frameworks */ = {isa = PBXBuildFile; fileRef = 005712D218FB455800BF3D8C /* QuartzCore.framework */; };
		008273A2194D1F2100B28B85 /* CCOLayer.swift in Sources */ = {isa = PBXBuildFile; fileRef = 008273A1194D1F2100B28B85 /* CCOLayer.swift */; };
		008273A3194D1F2500B28B85 /* CCOLayer.swift in Sources */ = {isa = PBXBuildFile; fileRef = 008273A1194D1F2100B28B85 /* CCOLayer.swift */; };
		008273A4194D1F2600B28B85 /* CCOLayer.swift in Sources */ = {isa = PBXBuildFile; fileRef = 008273A1194D1F2100B28B85 /* CCOLayer.swift */; };
		0092ED8A194D1B5900AFEDE3 /* CCOTextLayer.swift in Sources */ = {isa = PBXBuildFile; fileRef = 0092ED89194D1B5900AFEDE3 /* CCOTextLayer.swift */; };
		0092ED8B194D1B5900AFEDE3 /* CCOTextLayer.swift in Sources */ = {isa = PBXBuildFile; fileRef = 0092ED89194D1B5900AFEDE3 /* CCOTextLayer.swift */; };
		0092ED8C194D1B5900AFEDE3 /* CCOTextLayer.swift in Sources */ = {isa = PBXBuildFile; fileRef = 0092ED89194D1B5900AFEDE3 /* CCOTextLayer.swift */; };
		00A1132B194CF14F0006ABEB /* CCOConstants.swift in Sources */ = {isa = PBXBuildFile; fileRef = 00A1132A194CF14F0006ABEB /* CCOConstants.swift */; };
		00A1132C194CF14F0006ABEB /* CCOConstants.swift in Sources */ = {isa = PBXBuildFile; fileRef = 00A1132A194CF14F0006ABEB /* CCOConstants.swift */; };
		00A1132D194CF14F0006ABEB /* CCOConstants.swift in Sources */ = {isa = PBXBuildFile; fileRef = 00A1132A194CF14F0006ABEB /* CCOConstants.swift */; };
		00A11330194CF6C20006ABEB /* CCORandom.swift in Sources */ = {isa = PBXBuildFile; fileRef = 00A1132F194CF6C20006ABEB /* CCORandom.swift */; };
		00A11331194CF6C20006ABEB /* CCORandom.swift in Sources */ = {isa = PBXBuildFile; fileRef = 00A1132F194CF6C20006ABEB /* CCORandom.swift */; };
		00A11332194CF6C20006ABEB /* CCORandom.swift in Sources */ = {isa = PBXBuildFile; fileRef = 00A1132F194CF6C20006ABEB /* CCORandom.swift */; };
		00A11334194CFAAF0006ABEB /* NSColor+Random.swift in Sources */ = {isa = PBXBuildFile; fileRef = 00A11333194CFAAF0006ABEB /* NSColor+Random.swift */; };
		00A11335194CFAAF0006ABEB /* NSColor+Random.swift in Sources */ = {isa = PBXBuildFile; fileRef = 00A11333194CFAAF0006ABEB /* NSColor+Random.swift */; };
		00A11336194CFAAF0006ABEB /* NSColor+Random.swift in Sources */ = {isa = PBXBuildFile; fileRef = 00A11333194CFAAF0006ABEB /* NSColor+Random.swift */; };
		00A11338194CFD8D0006ABEB /* CCOAppDelegate.swift in Sources */ = {isa = PBXBuildFile; fileRef = 00A11337194CFD8D0006ABEB /* CCOAppDelegate.swift */; };
		00A11339194CFD8D0006ABEB /* CCOAppDelegate.swift in Sources */ = {isa = PBXBuildFile; fileRef = 00A11337194CFD8D0006ABEB /* CCOAppDelegate.swift */; };
		00ADA3A3194D084E0018A90A /* CCOPalette.swift in Sources */ = {isa = PBXBuildFile; fileRef = 00ADA3A2194D084E0018A90A /* CCOPalette.swift */; };
		00ADA3A4194D084E0018A90A /* CCOPalette.swift in Sources */ = {isa = PBXBuildFile; fileRef = 00ADA3A2194D084E0018A90A /* CCOPalette.swift */; };
		00ADA3A5194D084E0018A90A /* CCOPalette.swift in Sources */ = {isa = PBXBuildFile; fileRef = 00ADA3A2194D084E0018A90A /* CCOPalette.swift */; };
		00B5622E194D0E5A00EBE8A0 /* CCOStripeLayer.swift in Sources */ = {isa = PBXBuildFile; fileRef = 00B5622D194D0E5A00EBE8A0 /* CCOStripeLayer.swift */; };
		00B5622F194D122900EBE8A0 /* CCOStripeLayer.swift in Sources */ = {isa = PBXBuildFile; fileRef = 00B5622D194D0E5A00EBE8A0 /* CCOStripeLayer.swift */; };
		00B56230194D122900EBE8A0 /* CCOStripeLayer.swift in Sources */ = {isa = PBXBuildFile; fileRef = 00B5622D194D0E5A00EBE8A0 /* CCOStripeLayer.swift */; };
		00B56232194D144000EBE8A0 /* CCOBlockLayer.swift in Sources */ = {isa = PBXBuildFile; fileRef = 00B56231194D144000EBE8A0 /* CCOBlockLayer.swift */; };
		00B56233194D144000EBE8A0 /* CCOBlockLayer.swift in Sources */ = {isa = PBXBuildFile; fileRef = 00B56231194D144000EBE8A0 /* CCOBlockLayer.swift */; };
		00B56234194D144000EBE8A0 /* CCOBlockLayer.swift in Sources */ = {isa = PBXBuildFile; fileRef = 00B56231194D144000EBE8A0 /* CCOBlockLayer.swift */; };
		00CD679618FCC7B30018ACC4 /* ScreenSaver.framework in Frameworks */ = {isa = PBXBuildFile; fileRef = 0057125518FB42B900BF3D8C /* ScreenSaver.framework */; };
		00E60972194CD78600D1E6AE /* ChromaticoSaverView.swift in Sources */ = {isa = PBXBuildFile; fileRef = 00E60971194CD78600D1E6AE /* ChromaticoSaverView.swift */; };
		00E60973194CD78600D1E6AE /* ChromaticoSaverView.swift in Sources */ = {isa = PBXBuildFile; fileRef = 00E60971194CD78600D1E6AE /* ChromaticoSaverView.swift */; };
		00E60974194CD78600D1E6AE /* ChromaticoSaverView.swift in Sources */ = {isa = PBXBuildFile; fileRef = 00E60971194CD78600D1E6AE /* ChromaticoSaverView.swift */; };
/* End PBXBuildFile section */

/* Begin PBXFileReference section */
		0057121618FB426600BF3D8C /* ChromaticoTester.app */ = {isa = PBXFileReference; explicitFileType = wrapper.application; includeInIndex = 0; path = ChromaticoTester.app; sourceTree = BUILT_PRODUCTS_DIR; };
		0057121918FB426600BF3D8C /* Cocoa.framework */ = {isa = PBXFileReference; lastKnownFileType = wrapper.framework; name = Cocoa.framework; path = System/Library/Frameworks/Cocoa.framework; sourceTree = SDKROOT; };
		0057121C18FB426600BF3D8C /* AppKit.framework */ = {isa = PBXFileReference; lastKnownFileType = wrapper.framework; name = AppKit.framework; path = System/Library/Frameworks/AppKit.framework; sourceTree = SDKROOT; };
		0057121D18FB426600BF3D8C /* CoreData.framework */ = {isa = PBXFileReference; lastKnownFileType = wrapper.framework; name = CoreData.framework; path = System/Library/Frameworks/CoreData.framework; sourceTree = SDKROOT; };
		0057121E18FB426600BF3D8C /* Foundation.framework */ = {isa = PBXFileReference; lastKnownFileType = wrapper.framework; name = Foundation.framework; path = System/Library/Frameworks/Foundation.framework; sourceTree = SDKROOT; };
		0057122118FB426600BF3D8C /* Chromatico-Info.plist */ = {isa = PBXFileReference; lastKnownFileType = text.plist.xml; path = "Chromatico-Info.plist"; sourceTree = "<group>"; };
		0057122318FB426600BF3D8C /* en */ = {isa = PBXFileReference; lastKnownFileType = text.plist.strings; name = en; path = en.lproj/InfoPlist.strings; sourceTree = "<group>"; };
		0057122518FB426600BF3D8C /* main.m */ = {isa = PBXFileReference; lastKnownFileType = sourcecode.c.objc; path = main.m; sourceTree = "<group>"; };
		0057122718FB426600BF3D8C /* Chromatico-Prefix.pch */ = {isa = PBXFileReference; lastKnownFileType = sourcecode.c.h; path = "Chromatico-Prefix.pch"; sourceTree = "<group>"; };
		0057122918FB426600BF3D8C /* en */ = {isa = PBXFileReference; lastKnownFileType = text.rtf; name = en; path = en.lproj/Credits.rtf; sourceTree = "<group>"; };
		0057123118FB426600BF3D8C /* Images.xcassets */ = {isa = PBXFileReference; lastKnownFileType = folder.assetcatalog; path = Images.xcassets; sourceTree = "<group>"; };
		0057123718FB426600BF3D8C /* ChromaticoTests.xctest */ = {isa = PBXFileReference; explicitFileType = wrapper.cfbundle; includeInIndex = 0; path = ChromaticoTests.xctest; sourceTree = BUILT_PRODUCTS_DIR; };
		0057123818FB426600BF3D8C /* XCTest.framework */ = {isa = PBXFileReference; lastKnownFileType = wrapper.framework; name = XCTest.framework; path = Library/Frameworks/XCTest.framework; sourceTree = DEVELOPER_DIR; };
		0057123F18FB426600BF3D8C /* ChromaticoTests-Info.plist */ = {isa = PBXFileReference; lastKnownFileType = text.plist.xml; path = "ChromaticoTests-Info.plist"; sourceTree = "<group>"; };
		0057124118FB426600BF3D8C /* en */ = {isa = PBXFileReference; lastKnownFileType = text.plist.strings; name = en; path = en.lproj/InfoPlist.strings; sourceTree = "<group>"; };
		0057124318FB426600BF3D8C /* ChromaticoTests.m */ = {isa = PBXFileReference; lastKnownFileType = sourcecode.c.objc; path = ChromaticoTests.m; sourceTree = "<group>"; };
		0057125318FB42B900BF3D8C /* Chromatico.saver */ = {isa = PBXFileReference; explicitFileType = wrapper.cfbundle; includeInIndex = 0; path = Chromatico.saver; sourceTree = BUILT_PRODUCTS_DIR; };
		0057125518FB42B900BF3D8C /* ScreenSaver.framework */ = {isa = PBXFileReference; lastKnownFileType = wrapper.framework; name = ScreenSaver.framework; path = System/Library/Frameworks/ScreenSaver.framework; sourceTree = SDKROOT; };
		0057125918FB42B900BF3D8C /* ChromaticoSaver-Info.plist */ = {isa = PBXFileReference; lastKnownFileType = text.plist.xml; path = "ChromaticoSaver-Info.plist"; sourceTree = "<group>"; };
		0057125B18FB42B900BF3D8C /* en */ = {isa = PBXFileReference; lastKnownFileType = text.plist.strings; name = en; path = en.lproj/InfoPlist.strings; sourceTree = "<group>"; };
		0057125D18FB42B900BF3D8C /* ChromaticoSaver-Prefix.pch */ = {isa = PBXFileReference; lastKnownFileType = sourcecode.c.h; path = "ChromaticoSaver-Prefix.pch"; sourceTree = "<group>"; };
		005712B018FB435200BF3D8C /* CATextLayer+AutoSizing.h */ = {isa = PBXFileReference; fileEncoding = 4; lastKnownFileType = sourcecode.c.h; path = "CATextLayer+AutoSizing.h"; sourceTree = "<group>"; };
		005712B118FB435200BF3D8C /* CATextLayer+AutoSizing.m */ = {isa = PBXFileReference; fileEncoding = 4; lastKnownFileType = sourcecode.c.objc; path = "CATextLayer+AutoSizing.m"; sourceTree = "<group>"; };
		005712CE18FB44A000BF3D8C /* MainMenu.xib */ = {isa = PBXFileReference; fileEncoding = 4; lastKnownFileType = file.xib; path = MainMenu.xib; sourceTree = "<group>"; };
		005712D218FB455800BF3D8C /* QuartzCore.framework */ = {isa = PBXFileReference; lastKnownFileType = wrapper.framework; name = QuartzCore.framework; path = System/Library/Frameworks/QuartzCore.framework; sourceTree = SDKROOT; };
		008273A1194D1F2100B28B85 /* CCOLayer.swift */ = {isa = PBXFileReference; fileEncoding = 4; lastKnownFileType = sourcecode.swift; path = CCOLayer.swift; sourceTree = "<group>"; };
		0092ED89194D1B5900AFEDE3 /* CCOTextLayer.swift */ = {isa = PBXFileReference; fileEncoding = 4; lastKnownFileType = sourcecode.swift; path = CCOTextLayer.swift; sourceTree = "<group>"; };
		00A1132A194CF14F0006ABEB /* CCOConstants.swift */ = {isa = PBXFileReference; fileEncoding = 4; lastKnownFileType = sourcecode.swift; path = CCOConstants.swift; sourceTree = "<group>"; };
		00A1132E194CF5050006ABEB /* MyPlayground.playground */ = {isa = PBXFileReference; lastKnownFileType = file.playground; path = MyPlayground.playground; sourceTree = "<group>"; };
		00A1132F194CF6C20006ABEB /* CCORandom.swift */ = {isa = PBXFileReference; fileEncoding = 4; lastKnownFileType = sourcecode.swift; path = CCORandom.swift; sourceTree = "<group>"; };
		00A11333194CFAAF0006ABEB /* NSColor+Random.swift */ = {isa = PBXFileReference; fileEncoding = 4; lastKnownFileType = sourcecode.swift; path = "NSColor+Random.swift"; sourceTree = "<group>"; };
		00A11337194CFD8D0006ABEB /* CCOAppDelegate.swift */ = {isa = PBXFileReference; fileEncoding = 4; lastKnownFileType = sourcecode.swift; path = CCOAppDelegate.swift; sourceTree = "<group>"; };
		00ADA3A2194D084E0018A90A /* CCOPalette.swift */ = {isa = PBXFileReference; fileEncoding = 4; lastKnownFileType = sourcecode.swift; path = CCOPalette.swift; sourceTree = "<group>"; };
		00B5622D194D0E5A00EBE8A0 /* CCOStripeLayer.swift */ = {isa = PBXFileReference; fileEncoding = 4; lastKnownFileType = sourcecode.swift; path = CCOStripeLayer.swift; sourceTree = "<group>"; };
		00B56231194D144000EBE8A0 /* CCOBlockLayer.swift */ = {isa = PBXFileReference; fileEncoding = 4; lastKnownFileType = sourcecode.swift; path = CCOBlockLayer.swift; sourceTree = "<group>"; };
		00E60970194CD78500D1E6AE /* Chromatico-Bridging-Header.h */ = {isa = PBXFileReference; lastKnownFileType = sourcecode.c.h; path = "Chromatico-Bridging-Header.h"; sourceTree = "<group>"; };
		00E60971194CD78600D1E6AE /* ChromaticoSaverView.swift */ = {isa = PBXFileReference; fileEncoding = 4; lastKnownFileType = sourcecode.swift; path = ChromaticoSaverView.swift; sourceTree = "<group>"; };
/* End PBXFileReference section */

/* Begin PBXFrameworksBuildPhase section */
		0057121318FB426600BF3D8C /* Frameworks */ = {
			isa = PBXFrameworksBuildPhase;
			buildActionMask = 2147483647;
			files = (
				00CD679618FCC7B30018ACC4 /* ScreenSaver.framework in Frameworks */,
				005712D418FB457F00BF3D8C /* QuartzCore.framework in Frameworks */,
				0057121A18FB426600BF3D8C /* Cocoa.framework in Frameworks */,
			);
			runOnlyForDeploymentPostprocessing = 0;
		};
		0057123418FB426600BF3D8C /* Frameworks */ = {
			isa = PBXFrameworksBuildPhase;
			buildActionMask = 2147483647;
			files = (
				0057123A18FB426600BF3D8C /* Cocoa.framework in Frameworks */,
				0057123918FB426600BF3D8C /* XCTest.framework in Frameworks */,
			);
			runOnlyForDeploymentPostprocessing = 0;
		};
		0057124E18FB42B900BF3D8C /* Frameworks */ = {
			isa = PBXFrameworksBuildPhase;
			buildActionMask = 2147483647;
			files = (
				005712D318FB455800BF3D8C /* QuartzCore.framework in Frameworks */,
				0057125618FB42B900BF3D8C /* ScreenSaver.framework in Frameworks */,
				0057125418FB42B900BF3D8C /* Cocoa.framework in Frameworks */,
			);
			runOnlyForDeploymentPostprocessing = 0;
		};
/* End PBXFrameworksBuildPhase section */

/* Begin PBXGroup section */
		0057120D18FB426600BF3D8C = {
			isa = PBXGroup;
			children = (
				0057121F18FB426600BF3D8C /* Chromatico */,
				0057123D18FB426600BF3D8C /* ChromaticoTests */,
				0057125718FB42B900BF3D8C /* ChromaticoSaver */,
				0057121818FB426600BF3D8C /* Frameworks */,
				0057121718FB426600BF3D8C /* Products */,
			);
			sourceTree = "<group>";
		};
		0057121718FB426600BF3D8C /* Products */ = {
			isa = PBXGroup;
			children = (
				0057121618FB426600BF3D8C /* ChromaticoTester.app */,
				0057123718FB426600BF3D8C /* ChromaticoTests.xctest */,
				0057125318FB42B900BF3D8C /* Chromatico.saver */,
			);
			name = Products;
			sourceTree = "<group>";
		};
		0057121818FB426600BF3D8C /* Frameworks */ = {
			isa = PBXGroup;
			children = (
				005712D218FB455800BF3D8C /* QuartzCore.framework */,
				0057121918FB426600BF3D8C /* Cocoa.framework */,
				0057123818FB426600BF3D8C /* XCTest.framework */,
				0057125518FB42B900BF3D8C /* ScreenSaver.framework */,
				0057121B18FB426600BF3D8C /* Other Frameworks */,
			);
			name = Frameworks;
			sourceTree = "<group>";
		};
		0057121B18FB426600BF3D8C /* Other Frameworks */ = {
			isa = PBXGroup;
			children = (
				0057121C18FB426600BF3D8C /* AppKit.framework */,
				0057121D18FB426600BF3D8C /* CoreData.framework */,
				0057121E18FB426600BF3D8C /* Foundation.framework */,
			);
			name = "Other Frameworks";
			sourceTree = "<group>";
		};
		0057121F18FB426600BF3D8C /* Chromatico */ = {
			isa = PBXGroup;
			children = (
				00A11337194CFD8D0006ABEB /* CCOAppDelegate.swift */,
				00ADA3A2194D084E0018A90A /* CCOPalette.swift */,
				00A1132A194CF14F0006ABEB /* CCOConstants.swift */,
				008273A1194D1F2100B28B85 /* CCOLayer.swift */,
				00B5622D194D0E5A00EBE8A0 /* CCOStripeLayer.swift */,
				00B56231194D144000EBE8A0 /* CCOBlockLayer.swift */,
				0092ED89194D1B5900AFEDE3 /* CCOTextLayer.swift */,
				005712B018FB435200BF3D8C /* CATextLayer+AutoSizing.h */,
				005712B118FB435200BF3D8C /* CATextLayer+AutoSizing.m */,
				00A11333194CFAAF0006ABEB /* NSColor+Random.swift */,
				00A1132F194CF6C20006ABEB /* CCORandom.swift */,
				005712CE18FB44A000BF3D8C /* MainMenu.xib */,
				0057123118FB426600BF3D8C /* Images.xcassets */,
				0057122018FB426600BF3D8C /* Supporting Files */,
				00A1132E194CF5050006ABEB /* MyPlayground.playground */,
			);
			path = Chromatico;
			sourceTree = "<group>";
		};
		0057122018FB426600BF3D8C /* Supporting Files */ = {
			isa = PBXGroup;
			children = (
				0057122118FB426600BF3D8C /* Chromatico-Info.plist */,
				0057122218FB426600BF3D8C /* InfoPlist.strings */,
				0057122518FB426600BF3D8C /* main.m */,
				0057122718FB426600BF3D8C /* Chromatico-Prefix.pch */,
				0057122818FB426600BF3D8C /* Credits.rtf */,
			);
			name = "Supporting Files";
			sourceTree = "<group>";
		};
		0057123D18FB426600BF3D8C /* ChromaticoTests */ = {
			isa = PBXGroup;
			children = (
				0057124318FB426600BF3D8C /* ChromaticoTests.m */,
				0057123E18FB426600BF3D8C /* Supporting Files */,
			);
			path = ChromaticoTests;
			sourceTree = "<group>";
		};
		0057123E18FB426600BF3D8C /* Supporting Files */ = {
			isa = PBXGroup;
			children = (
				0057123F18FB426600BF3D8C /* ChromaticoTests-Info.plist */,
				0057124018FB426600BF3D8C /* InfoPlist.strings */,
			);
			name = "Supporting Files";
			sourceTree = "<group>";
		};
		0057125718FB42B900BF3D8C /* ChromaticoSaver */ = {
			isa = PBXGroup;
			children = (
				00E60971194CD78600D1E6AE /* ChromaticoSaverView.swift */,
				0057125818FB42B900BF3D8C /* Supporting Files */,
				00E60970194CD78500D1E6AE /* Chromatico-Bridging-Header.h */,
			);
			path = ChromaticoSaver;
			sourceTree = "<group>";
		};
		0057125818FB42B900BF3D8C /* Supporting Files */ = {
			isa = PBXGroup;
			children = (
				0057125918FB42B900BF3D8C /* ChromaticoSaver-Info.plist */,
				0057125A18FB42B900BF3D8C /* InfoPlist.strings */,
				0057125D18FB42B900BF3D8C /* ChromaticoSaver-Prefix.pch */,
			);
			name = "Supporting Files";
			sourceTree = "<group>";
		};
/* End PBXGroup section */

/* Begin PBXHeadersBuildPhase section */
		0057124F18FB42B900BF3D8C /* Headers */ = {
			isa = PBXHeadersBuildPhase;
			buildActionMask = 2147483647;
			files = (
				005712B218FB435200BF3D8C /* CATextLayer+AutoSizing.h in Headers */,
			);
			runOnlyForDeploymentPostprocessing = 0;
		};
/* End PBXHeadersBuildPhase section */

/* Begin PBXNativeTarget section */
		0057121518FB426600BF3D8C /* ChromaticoTester */ = {
			isa = PBXNativeTarget;
			buildConfigurationList = 0057124718FB426600BF3D8C /* Build configuration list for PBXNativeTarget "ChromaticoTester" */;
			buildPhases = (
				0057121218FB426600BF3D8C /* Sources */,
				0057121318FB426600BF3D8C /* Frameworks */,
				0057121418FB426600BF3D8C /* Resources */,
			);
			buildRules = (
			);
			dependencies = (
			);
			name = ChromaticoTester;
			productName = Chromatico;
			productReference = 0057121618FB426600BF3D8C /* ChromaticoTester.app */;
			productType = "com.apple.product-type.application";
		};
		0057123618FB426600BF3D8C /* ChromaticoTests */ = {
			isa = PBXNativeTarget;
			buildConfigurationList = 0057124A18FB426600BF3D8C /* Build configuration list for PBXNativeTarget "ChromaticoTests" */;
			buildPhases = (
				0057123318FB426600BF3D8C /* Sources */,
				0057123418FB426600BF3D8C /* Frameworks */,
				0057123518FB426600BF3D8C /* Resources */,
			);
			buildRules = (
			);
			dependencies = (
			);
			name = ChromaticoTests;
			productName = ChromaticoTests;
			productReference = 0057123718FB426600BF3D8C /* ChromaticoTests.xctest */;
			productType = "com.apple.product-type.bundle.unit-test";
		};
		0057125218FB42B900BF3D8C /* Chromatico */ = {
			isa = PBXNativeTarget;
			buildConfigurationList = 0057126118FB42B900BF3D8C /* Build configuration list for PBXNativeTarget "Chromatico" */;
			buildPhases = (
				0057124D18FB42B900BF3D8C /* Sources */,
				0057124E18FB42B900BF3D8C /* Frameworks */,
				0057124F18FB42B900BF3D8C /* Headers */,
				0057125018FB42B900BF3D8C /* Resources */,
				0057125118FB42B900BF3D8C /* Rez */,
			);
			buildRules = (
			);
			dependencies = (
			);
			name = Chromatico;
			productName = ChromaticoSaver;
			productReference = 0057125318FB42B900BF3D8C /* Chromatico.saver */;
			productType = "com.apple.product-type.bundle";
		};
/* End PBXNativeTarget section */

/* Begin PBXProject section */
		0057120E18FB426600BF3D8C /* Project object */ = {
			isa = PBXProject;
			attributes = {
				CLASSPREFIX = CCO;
				LastUpgradeCheck = 0500;
				ORGANIZATIONNAME = "Justin Sheckler";
				TargetAttributes = {
					0057123618FB426600BF3D8C = {
						TestTargetID = 0057121518FB426600BF3D8C;
					};
				};
			};
			buildConfigurationList = 0057121118FB426600BF3D8C /* Build configuration list for PBXProject "Chromatico" */;
			compatibilityVersion = "Xcode 3.2";
			developmentRegion = English;
			hasScannedForEncodings = 0;
			knownRegions = (
				en,
				Base,
			);
			mainGroup = 0057120D18FB426600BF3D8C;
			productRefGroup = 0057121718FB426600BF3D8C /* Products */;
			projectDirPath = "";
			projectRoot = "";
			targets = (
				0057121518FB426600BF3D8C /* ChromaticoTester */,
				0057123618FB426600BF3D8C /* ChromaticoTests */,
				0057125218FB42B900BF3D8C /* Chromatico */,
			);
		};
/* End PBXProject section */

/* Begin PBXResourcesBuildPhase section */
		0057121418FB426600BF3D8C /* Resources */ = {
			isa = PBXResourcesBuildPhase;
			buildActionMask = 2147483647;
			files = (
				0057122418FB426600BF3D8C /* InfoPlist.strings in Resources */,
				0057123218FB426600BF3D8C /* Images.xcassets in Resources */,
				0057122A18FB426600BF3D8C /* Credits.rtf in Resources */,
				005712CF18FB44A000BF3D8C /* MainMenu.xib in Resources */,
			);
			runOnlyForDeploymentPostprocessing = 0;
		};
		0057123518FB426600BF3D8C /* Resources */ = {
			isa = PBXResourcesBuildPhase;
			buildActionMask = 2147483647;
			files = (
				0057124218FB426600BF3D8C /* InfoPlist.strings in Resources */,
				005712D018FB44A000BF3D8C /* MainMenu.xib in Resources */,
			);
			runOnlyForDeploymentPostprocessing = 0;
		};
		0057125018FB42B900BF3D8C /* Resources */ = {
			isa = PBXResourcesBuildPhase;
			buildActionMask = 2147483647;
			files = (
				0057125C18FB42B900BF3D8C /* InfoPlist.strings in Resources */,
			);
			runOnlyForDeploymentPostprocessing = 0;
		};
/* End PBXResourcesBuildPhase section */

/* Begin PBXRezBuildPhase section */
		0057125118FB42B900BF3D8C /* Rez */ = {
			isa = PBXRezBuildPhase;
			buildActionMask = 2147483647;
			files = (
			);
			runOnlyForDeploymentPostprocessing = 0;
		};
/* End PBXRezBuildPhase section */

/* Begin PBXSourcesBuildPhase section */
		0057121218FB426600BF3D8C /* Sources */ = {
			isa = PBXSourcesBuildPhase;
			buildActionMask = 2147483647;
			files = (
				00E60972194CD78600D1E6AE /* ChromaticoSaverView.swift in Sources */,
				0092ED8A194D1B5900AFEDE3 /* CCOTextLayer.swift in Sources */,
				00A11330194CF6C20006ABEB /* CCORandom.swift in Sources */,
				00A11338194CFD8D0006ABEB /* CCOAppDelegate.swift in Sources */,
				008273A4194D1F2600B28B85 /* CCOLayer.swift in Sources */,
				005712B318FB435200BF3D8C /* CATextLayer+AutoSizing.m in Sources */,
				00A1132B194CF14F0006ABEB /* CCOConstants.swift in Sources */,
				00A11334194CFAAF0006ABEB /* NSColor+Random.swift in Sources */,
				00B56230194D122900EBE8A0 /* CCOStripeLayer.swift in Sources */,
				00ADA3A3194D084E0018A90A /* CCOPalette.swift in Sources */,
				00B56232194D144000EBE8A0 /* CCOBlockLayer.swift in Sources */,
				0057122618FB426600BF3D8C /* main.m in Sources */,
			);
			runOnlyForDeploymentPostprocessing = 0;
		};
		0057123318FB426600BF3D8C /* Sources */ = {
			isa = PBXSourcesBuildPhase;
			buildActionMask = 2147483647;
			files = (
				00A11331194CF6C20006ABEB /* CCORandom.swift in Sources */,
				0092ED8B194D1B5900AFEDE3 /* CCOTextLayer.swift in Sources */,
				00A1132C194CF14F0006ABEB /* CCOConstants.swift in Sources */,
				00A11335194CFAAF0006ABEB /* NSColor+Random.swift in Sources */,
				00A11339194CFD8D0006ABEB /* CCOAppDelegate.swift in Sources */,
				008273A3194D1F2500B28B85 /* CCOLayer.swift in Sources */,
				00E60973194CD78600D1E6AE /* ChromaticoSaverView.swift in Sources */,
				0057124418FB426600BF3D8C /* ChromaticoTests.m in Sources */,
				00B5622F194D122900EBE8A0 /* CCOStripeLayer.swift in Sources */,
				00ADA3A4194D084E0018A90A /* CCOPalette.swift in Sources */,
				00B56233194D144000EBE8A0 /* CCOBlockLayer.swift in Sources */,
				005712B418FB435200BF3D8C /* CATextLayer+AutoSizing.m in Sources */,
			);
			runOnlyForDeploymentPostprocessing = 0;
		};
		0057124D18FB42B900BF3D8C /* Sources */ = {
			isa = PBXSourcesBuildPhase;
			buildActionMask = 2147483647;
			files = (
				00E60974194CD78600D1E6AE /* ChromaticoSaverView.swift in Sources */,
				00A1132D194CF14F0006ABEB /* CCOConstants.swift in Sources */,
				00ADA3A5194D084E0018A90A /* CCOPalette.swift in Sources */,
				00A11332194CF6C20006ABEB /* CCORandom.swift in Sources */,
				008273A2194D1F2100B28B85 /* CCOLayer.swift in Sources */,
				00B56234194D144000EBE8A0 /* CCOBlockLayer.swift in Sources */,
				00B5622E194D0E5A00EBE8A0 /* CCOStripeLayer.swift in Sources */,
				0092ED8C194D1B5900AFEDE3 /* CCOTextLayer.swift in Sources */,
				00A11336194CFAAF0006ABEB /* NSColor+Random.swift in Sources */,
				005712B518FB435200BF3D8C /* CATextLayer+AutoSizing.m in Sources */,
			);
			runOnlyForDeploymentPostprocessing = 0;
		};
/* End PBXSourcesBuildPhase section */

/* Begin PBXVariantGroup section */
		0057122218FB426600BF3D8C /* InfoPlist.strings */ = {
			isa = PBXVariantGroup;
			children = (
				0057122318FB426600BF3D8C /* en */,
			);
			name = InfoPlist.strings;
			sourceTree = "<group>";
		};
		0057122818FB426600BF3D8C /* Credits.rtf */ = {
			isa = PBXVariantGroup;
			children = (
				0057122918FB426600BF3D8C /* en */,
			);
			name = Credits.rtf;
			sourceTree = "<group>";
		};
		0057124018FB426600BF3D8C /* InfoPlist.strings */ = {
			isa = PBXVariantGroup;
			children = (
				0057124118FB426600BF3D8C /* en */,
			);
			name = InfoPlist.strings;
			sourceTree = "<group>";
		};
		0057125A18FB42B900BF3D8C /* InfoPlist.strings */ = {
			isa = PBXVariantGroup;
			children = (
				0057125B18FB42B900BF3D8C /* en */,
			);
			name = InfoPlist.strings;
			sourceTree = "<group>";
		};
/* End PBXVariantGroup section */

/* Begin XCBuildConfiguration section */
		0057124518FB426600BF3D8C /* Debug */ = {
			isa = XCBuildConfiguration;
			buildSettings = {
				ALWAYS_SEARCH_USER_PATHS = NO;
				CLANG_CXX_LANGUAGE_STANDARD = "gnu++0x";
				CLANG_CXX_LIBRARY = "libc++";
				CLANG_ENABLE_OBJC_ARC = YES;
				CLANG_WARN_BOOL_CONVERSION = YES;
				CLANG_WARN_CONSTANT_CONVERSION = YES;
				CLANG_WARN_DIRECT_OBJC_ISA_USAGE = YES_ERROR;
				CLANG_WARN_EMPTY_BODY = YES;
				CLANG_WARN_ENUM_CONVERSION = YES;
				CLANG_WARN_INT_CONVERSION = YES;
				CLANG_WARN_OBJC_ROOT_CLASS = YES_ERROR;
				CLANG_WARN__DUPLICATE_METHOD_MATCH = YES;
				COPY_PHASE_STRIP = NO;
				GCC_C_LANGUAGE_STANDARD = gnu99;
				GCC_DYNAMIC_NO_PIC = NO;
				GCC_ENABLE_OBJC_EXCEPTIONS = YES;
				GCC_OPTIMIZATION_LEVEL = 0;
				GCC_PREPROCESSOR_DEFINITIONS = (
					"DEBUG=1",
					"$(inherited)",
				);
				GCC_SYMBOLS_PRIVATE_EXTERN = NO;
				GCC_WARN_64_TO_32_BIT_CONVERSION = YES;
				GCC_WARN_ABOUT_RETURN_TYPE = YES_ERROR;
				GCC_WARN_UNDECLARED_SELECTOR = YES;
				GCC_WARN_UNINITIALIZED_AUTOS = YES;
				GCC_WARN_UNUSED_FUNCTION = YES;
				GCC_WARN_UNUSED_VARIABLE = YES;
				MACOSX_DEPLOYMENT_TARGET = 10.9;
				ONLY_ACTIVE_ARCH = YES;
				SDKROOT = macosx;
			};
			name = Debug;
		};
		0057124618FB426600BF3D8C /* Release */ = {
			isa = XCBuildConfiguration;
			buildSettings = {
				ALWAYS_SEARCH_USER_PATHS = NO;
				CLANG_CXX_LANGUAGE_STANDARD = "gnu++0x";
				CLANG_CXX_LIBRARY = "libc++";
				CLANG_ENABLE_OBJC_ARC = YES;
				CLANG_WARN_BOOL_CONVERSION = YES;
				CLANG_WARN_CONSTANT_CONVERSION = YES;
				CLANG_WARN_DIRECT_OBJC_ISA_USAGE = YES_ERROR;
				CLANG_WARN_EMPTY_BODY = YES;
				CLANG_WARN_ENUM_CONVERSION = YES;
				CLANG_WARN_INT_CONVERSION = YES;
				CLANG_WARN_OBJC_ROOT_CLASS = YES_ERROR;
				CLANG_WARN__DUPLICATE_METHOD_MATCH = YES;
				COPY_PHASE_STRIP = YES;
				DEBUG_INFORMATION_FORMAT = "dwarf-with-dsym";
				ENABLE_NS_ASSERTIONS = NO;
				GCC_C_LANGUAGE_STANDARD = gnu99;
				GCC_ENABLE_OBJC_EXCEPTIONS = YES;
				GCC_WARN_64_TO_32_BIT_CONVERSION = YES;
				GCC_WARN_ABOUT_RETURN_TYPE = YES_ERROR;
				GCC_WARN_UNDECLARED_SELECTOR = YES;
				GCC_WARN_UNINITIALIZED_AUTOS = YES;
				GCC_WARN_UNUSED_FUNCTION = YES;
				GCC_WARN_UNUSED_VARIABLE = YES;
				MACOSX_DEPLOYMENT_TARGET = 10.9;
				SDKROOT = macosx;
			};
			name = Release;
		};
		0057124818FB426600BF3D8C /* Debug */ = {
			isa = XCBuildConfiguration;
			buildSettings = {
				ASSETCATALOG_COMPILER_APPICON_NAME = AppIcon;
				CLANG_ENABLE_MODULES = YES;
				COMBINE_HIDPI_IMAGES = YES;
				DEFINES_MODULE = NO;
				GCC_PRECOMPILE_PREFIX_HEADER = YES;
				GCC_PREFIX_HEADER = "Chromatico/Chromatico-Prefix.pch";
				INFOPLIST_FILE = "Chromatico/Chromatico-Info.plist";
				LD_RUNPATH_SEARCH_PATHS = "$(inherited) @executable_path/../Frameworks";
				PRODUCT_MODULE_NAME = "$(TARGET_NAME)";
				PRODUCT_NAME = "$(TARGET_NAME)";
				SWIFT_OBJC_BRIDGING_HEADER = "ChromaticoSaver/Chromatico-Bridging-Header.h";
				SWIFT_OPTIMIZATION_LEVEL = "-Onone";
				WRAPPER_EXTENSION = app;
			};
			name = Debug;
		};
		0057124918FB426600BF3D8C /* Release */ = {
			isa = XCBuildConfiguration;
			buildSettings = {
				ASSETCATALOG_COMPILER_APPICON_NAME = AppIcon;
				CLANG_ENABLE_MODULES = YES;
				COMBINE_HIDPI_IMAGES = YES;
				DEFINES_MODULE = NO;
				GCC_PRECOMPILE_PREFIX_HEADER = YES;
				GCC_PREFIX_HEADER = "Chromatico/Chromatico-Prefix.pch";
				INFOPLIST_FILE = "Chromatico/Chromatico-Info.plist";
				LD_RUNPATH_SEARCH_PATHS = "$(inherited) @executable_path/../Frameworks";
				PRODUCT_MODULE_NAME = "$(TARGET_NAME)";
				PRODUCT_NAME = "$(TARGET_NAME)";
				SWIFT_OBJC_BRIDGING_HEADER = "ChromaticoSaver/Chromatico-Bridging-Header.h";
				WRAPPER_EXTENSION = app;
			};
			name = Release;
		};
		0057124B18FB426600BF3D8C /* Debug */ = {
			isa = XCBuildConfiguration;
			buildSettings = {
				BUNDLE_LOADER = "$(BUILT_PRODUCTS_DIR)/Chromatico.app/Contents/MacOS/Chromatico";
				CLANG_ENABLE_MODULES = YES;
				COMBINE_HIDPI_IMAGES = YES;
				FRAMEWORK_SEARCH_PATHS = (
					"$(DEVELOPER_FRAMEWORKS_DIR)",
					"$(inherited)",
				);
				GCC_PRECOMPILE_PREFIX_HEADER = YES;
				GCC_PREFIX_HEADER = "Chromatico/Chromatico-Prefix.pch";
				GCC_PREPROCESSOR_DEFINITIONS = (
					"DEBUG=1",
					"$(inherited)",
				);
				INFOPLIST_FILE = "ChromaticoTests/ChromaticoTests-Info.plist";
				LD_RUNPATH_SEARCH_PATHS = "$(inherited) @executable_path/../Frameworks @loader_path/../Frameworks";
				PRODUCT_MODULE_NAME = "$(TARGET_NAME)";
				PRODUCT_NAME = "$(TARGET_NAME)";
				SWIFT_OBJC_BRIDGING_HEADER = "ChromaticoSaver/Chromatico-Bridging-Header.h";
				SWIFT_OPTIMIZATION_LEVEL = "-Onone";
				TEST_HOST = "$(BUNDLE_LOADER)";
				WRAPPER_EXTENSION = xctest;
			};
			name = Debug;
		};
		0057124C18FB426600BF3D8C /* Release */ = {
			isa = XCBuildConfiguration;
			buildSettings = {
				BUNDLE_LOADER = "$(BUILT_PRODUCTS_DIR)/Chromatico.app/Contents/MacOS/Chromatico";
				CLANG_ENABLE_MODULES = YES;
				COMBINE_HIDPI_IMAGES = YES;
				FRAMEWORK_SEARCH_PATHS = (
					"$(DEVELOPER_FRAMEWORKS_DIR)",
					"$(inherited)",
				);
				GCC_PRECOMPILE_PREFIX_HEADER = YES;
				GCC_PREFIX_HEADER = "Chromatico/Chromatico-Prefix.pch";
				INFOPLIST_FILE = "ChromaticoTests/ChromaticoTests-Info.plist";
				LD_RUNPATH_SEARCH_PATHS = "$(inherited) @executable_path/../Frameworks @loader_path/../Frameworks";
				PRODUCT_MODULE_NAME = "$(TARGET_NAME)";
				PRODUCT_NAME = "$(TARGET_NAME)";
				SWIFT_OBJC_BRIDGING_HEADER = "ChromaticoSaver/Chromatico-Bridging-Header.h";
				TEST_HOST = "$(BUNDLE_LOADER)";
				WRAPPER_EXTENSION = xctest;
			};
			name = Release;
		};
		0057126218FB42B900BF3D8C /* Debug */ = {
			isa = XCBuildConfiguration;
			buildSettings = {
				CLANG_ENABLE_MODULES = YES;
				COMBINE_HIDPI_IMAGES = YES;
				DEFINES_MODULE = NO;
				GCC_PRECOMPILE_PREFIX_HEADER = YES;
				GCC_PREFIX_HEADER = "ChromaticoSaver/ChromaticoSaver-Prefix.pch";
				GCC_PREPROCESSOR_DEFINITIONS = (
					"DEBUG=1",
					"$(inherited)",
				);
				INFOPLIST_FILE = "ChromaticoSaver/ChromaticoSaver-Info.plist";
				INSTALL_PATH = "$(HOME)/Library/Screen Savers";
				LD_RUNPATH_SEARCH_PATHS = "$(inherited) @executable_path/../Frameworks @loader_path/../Frameworks";
				PRODUCT_MODULE_NAME = "$(TARGET_NAME)";
				PRODUCT_NAME = "$(TARGET_NAME)";
				SWIFT_OBJC_BRIDGING_HEADER = "ChromaticoSaver/Chromatico-Bridging-Header.h";
				SWIFT_OPTIMIZATION_LEVEL = "-Onone";
				WRAPPER_EXTENSION = saver;
			};
			name = Debug;
		};
		0057126318FB42B900BF3D8C /* Release */ = {
			isa = XCBuildConfiguration;
			buildSettings = {
				CLANG_ENABLE_MODULES = YES;
				COMBINE_HIDPI_IMAGES = YES;
				DEFINES_MODULE = NO;
				GCC_PRECOMPILE_PREFIX_HEADER = YES;
				GCC_PREFIX_HEADER = "ChromaticoSaver/ChromaticoSaver-Prefix.pch";
				INFOPLIST_FILE = "ChromaticoSaver/ChromaticoSaver-Info.plist";
				INSTALL_PATH = "$(HOME)/Library/Screen Savers";
				LD_RUNPATH_SEARCH_PATHS = "$(inherited) @executable_path/../Frameworks @loader_path/../Frameworks";
				PRODUCT_MODULE_NAME = "$(TARGET_NAME)";
				PRODUCT_NAME = "$(TARGET_NAME)";
				SWIFT_OBJC_BRIDGING_HEADER = "ChromaticoSaver/Chromatico-Bridging-Header.h";
				WRAPPER_EXTENSION = saver;
			};
			name = Release;
		};
/* End XCBuildConfiguration section */

/* Begin XCConfigurationList section */
		0057121118FB426600BF3D8C /* Build configuration list for PBXProject "Chromatico" */ = {
			isa = XCConfigurationList;
			buildConfigurations = (
				0057124518FB426600BF3D8C /* Debug */,
				0057124618FB426600BF3D8C /* Release */,
			);
			defaultConfigurationIsVisible = 0;
			defaultConfigurationName = Release;
		};
		0057124718FB426600BF3D8C /* Build configuration list for PBXNativeTarget "ChromaticoTester" */ = {
			isa = XCConfigurationList;
			buildConfigurations = (
				0057124818FB426600BF3D8C /* Debug */,
				0057124918FB426600BF3D8C /* Release */,
			);
			defaultConfigurationIsVisible = 0;
			defaultConfigurationName = Release;
		};
		0057124A18FB426600BF3D8C /* Build configuration list for PBXNativeTarget "ChromaticoTests" */ = {
			isa = XCConfigurationList;
			buildConfigurations = (
				0057124B18FB426600BF3D8C /* Debug */,
				0057124C18FB426600BF3D8C /* Release */,
			);
			defaultConfigurationIsVisible = 0;
			defaultConfigurationName = Release;
		};
		0057126118FB42B900BF3D8C /* Build configuration list for PBXNativeTarget "Chromatico" */ = {
			isa = XCConfigurationList;
			buildConfigurations = (
				0057126218FB42B900BF3D8C /* Debug */,
				0057126318FB42B900BF3D8C /* Release */,
			);
			defaultConfigurationIsVisible = 0;
			defaultConfigurationName = Release;
		};
/* End XCConfigurationList section */
	};
	rootObject = 0057120E18FB426600BF3D8C /* Project object */;
}
